// !$*UTF8*$!
{
	archiveVersion = 1;
	classes = {
	};
	objectVersion = 46;
	objects = {

/* Begin PBXBuildFile section */
		243230281AC865D600F2CCC3 /* AppDelegate.swift in Sources */ = {isa = PBXBuildFile; fileRef = 243230271AC865D600F2CCC3 /* AppDelegate.swift */; };
		2432302A1AC865D600F2CCC3 /* ViewController.swift in Sources */ = {isa = PBXBuildFile; fileRef = 243230291AC865D600F2CCC3 /* ViewController.swift */; };
		2432302C1AC865D600F2CCC3 /* Images.xcassets in Resources */ = {isa = PBXBuildFile; fileRef = 2432302B1AC865D600F2CCC3 /* Images.xcassets */; };
		2432302F1AC865D600F2CCC3 /* Main.storyboard in Resources */ = {isa = PBXBuildFile; fileRef = 2432302D1AC865D600F2CCC3 /* Main.storyboard */; };
		2432303B1AC865D600F2CCC3 /* MiniGames_UltraTests.swift in Sources */ = {isa = PBXBuildFile; fileRef = 2432303A1AC865D600F2CCC3 /* MiniGames_UltraTests.swift */; };
		243230451AC868B400F2CCC3 /* MainController.swift in Sources */ = {isa = PBXBuildFile; fileRef = 243230441AC868B400F2CCC3 /* MainController.swift */; };
		243230471AC8696400F2CCC3 /* MinesweeperMain.swift in Sources */ = {isa = PBXBuildFile; fileRef = 243230461AC8696400F2CCC3 /* MinesweeperMain.swift */; };
		243230491AC869A000F2CCC3 /* MinesweeperHardness.swift in Sources */ = {isa = PBXBuildFile; fileRef = 243230481AC869A000F2CCC3 /* MinesweeperHardness.swift */; };
		544646711ACC5F6B003F1B25 /* GameClass.swift in Sources */ = {isa = PBXBuildFile; fileRef = 544646701ACC5F6B003F1B25 /* GameClass.swift */; };
		54704AF51AC9BAAE009C09ED /* Bomb.png in Resources */ = {isa = PBXBuildFile; fileRef = 54704AF41AC9BAAD009C09ED /* Bomb.png */; };
		54A07A391AC9BF9A00217F0F /* Flag.png in Resources */ = {isa = PBXBuildFile; fileRef = 54A07A381AC9BF9A00217F0F /* Flag.png */; };
		54B4F6561ACB101800788EAA /* Classes, functions and extensions.swift in Sources */ = {isa = PBXBuildFile; fileRef = 54B4F6551ACB101800788EAA /* Classes, functions and extensions.swift */; };
		92A46B331AC958E400B2050E /* Ball.swift in Sources */ = {isa = PBXBuildFile; fileRef = 92A46B321AC958E400B2050E /* Ball.swift */; };
/* End PBXBuildFile section */

/* Begin PBXContainerItemProxy section */
		243230351AC865D600F2CCC3 /* PBXContainerItemProxy */ = {
			isa = PBXContainerItemProxy;
			containerPortal = 2432301A1AC865D600F2CCC3 /* Project object */;
			proxyType = 1;
			remoteGlobalIDString = 243230211AC865D600F2CCC3;
			remoteInfo = "MiniGames Ultra";
		};
/* End PBXContainerItemProxy section */

/* Begin PBXFileReference section */
		243230221AC865D600F2CCC3 /* MiniGames Ultra.app */ = {isa = PBXFileReference; explicitFileType = wrapper.application; includeInIndex = 0; path = "MiniGames Ultra.app"; sourceTree = BUILT_PRODUCTS_DIR; };
		243230261AC865D600F2CCC3 /* Info.plist */ = {isa = PBXFileReference; lastKnownFileType = text.plist.xml; path = Info.plist; sourceTree = "<group>"; };
		243230271AC865D600F2CCC3 /* AppDelegate.swift */ = {isa = PBXFileReference; lastKnownFileType = sourcecode.swift; path = AppDelegate.swift; sourceTree = "<group>"; };
		243230291AC865D600F2CCC3 /* ViewController.swift */ = {isa = PBXFileReference; lastKnownFileType = sourcecode.swift; path = ViewController.swift; sourceTree = "<group>"; };
		2432302B1AC865D600F2CCC3 /* Images.xcassets */ = {isa = PBXFileReference; lastKnownFileType = folder.assetcatalog; path = Images.xcassets; sourceTree = "<group>"; };
		2432302E1AC865D600F2CCC3 /* Base */ = {isa = PBXFileReference; lastKnownFileType = file.storyboard; name = Base; path = Base.lproj/Main.storyboard; sourceTree = "<group>"; };
		243230341AC865D600F2CCC3 /* MiniGames UltraTests.xctest */ = {isa = PBXFileReference; explicitFileType = wrapper.cfbundle; includeInIndex = 0; path = "MiniGames UltraTests.xctest"; sourceTree = BUILT_PRODUCTS_DIR; };
		243230391AC865D600F2CCC3 /* Info.plist */ = {isa = PBXFileReference; lastKnownFileType = text.plist.xml; path = Info.plist; sourceTree = "<group>"; };
		2432303A1AC865D600F2CCC3 /* MiniGames_UltraTests.swift */ = {isa = PBXFileReference; lastKnownFileType = sourcecode.swift; path = MiniGames_UltraTests.swift; sourceTree = "<group>"; };
		243230441AC868B400F2CCC3 /* MainController.swift */ = {isa = PBXFileReference; fileEncoding = 4; lastKnownFileType = sourcecode.swift; path = MainController.swift; sourceTree = "<group>"; };
		243230461AC8696400F2CCC3 /* MinesweeperMain.swift */ = {isa = PBXFileReference; fileEncoding = 4; lastKnownFileType = sourcecode.swift; path = MinesweeperMain.swift; sourceTree = "<group>"; };
		243230481AC869A000F2CCC3 /* MinesweeperHardness.swift */ = {isa = PBXFileReference; fileEncoding = 4; lastKnownFileType = sourcecode.swift; path = MinesweeperHardness.swift; sourceTree = "<group>"; };
		544646701ACC5F6B003F1B25 /* GameClass.swift */ = {isa = PBXFileReference; fileEncoding = 4; lastKnownFileType = sourcecode.swift; path = GameClass.swift; sourceTree = "<group>"; };
		54704AF41AC9BAAD009C09ED /* Bomb.png */ = {isa = PBXFileReference; lastKnownFileType = image.png; path = Bomb.png; sourceTree = "<group>"; };
		54A07A381AC9BF9A00217F0F /* Flag.png */ = {isa = PBXFileReference; lastKnownFileType = image.png; path = Flag.png; sourceTree = "<group>"; };
		54B4F6551ACB101800788EAA /* Classes, functions and extensions.swift */ = {isa = PBXFileReference; fileEncoding = 4; lastKnownFileType = sourcecode.swift; path = "Classes, functions and extensions.swift"; sourceTree = "<group>"; };
		92A46B321AC958E400B2050E /* Ball.swift */ = {isa = PBXFileReference; fileEncoding = 4; lastKnownFileType = sourcecode.swift; path = Ball.swift; sourceTree = "<group>"; };
/* End PBXFileReference section */

/* Begin PBXFrameworksBuildPhase section */
		2432301F1AC865D600F2CCC3 /* Frameworks */ = {
			isa = PBXFrameworksBuildPhase;
			buildActionMask = 2147483647;
			files = (
			);
			runOnlyForDeploymentPostprocessing = 0;
		};
		243230311AC865D600F2CCC3 /* Frameworks */ = {
			isa = PBXFrameworksBuildPhase;
			buildActionMask = 2147483647;
			files = (
			);
			runOnlyForDeploymentPostprocessing = 0;
		};
/* End PBXFrameworksBuildPhase section */

/* Begin PBXGroup section */
		243230191AC865D600F2CCC3 = {
			isa = PBXGroup;
			children = (
				243230241AC865D600F2CCC3 /* MiniGames Ultra */,
				243230371AC865D600F2CCC3 /* MiniGames UltraTests */,
				243230231AC865D600F2CCC3 /* Products */,
			);
			sourceTree = "<group>";
		};
		243230231AC865D600F2CCC3 /* Products */ = {
			isa = PBXGroup;
			children = (
				243230221AC865D600F2CCC3 /* MiniGames Ultra.app */,
				243230341AC865D600F2CCC3 /* MiniGames UltraTests.xctest */,
			);
			name = Products;
			sourceTree = "<group>";
		};
		243230241AC865D600F2CCC3 /* MiniGames Ultra */ = {
			isa = PBXGroup;
			children = (
				243230271AC865D600F2CCC3 /* AppDelegate.swift */,
				243230291AC865D600F2CCC3 /* ViewController.swift */,
				2432302B1AC865D600F2CCC3 /* Images.xcassets */,
				2432302D1AC865D600F2CCC3 /* Main.storyboard */,
				544646701ACC5F6B003F1B25 /* GameClass.swift */,
				243230441AC868B400F2CCC3 /* MainController.swift */,
				2432304A1AC869A800F2CCC3 /* Games */,
				243230251AC865D600F2CCC3 /* Supporting Files */,
			);
			path = "MiniGames Ultra";
			sourceTree = "<group>";
		};
		243230251AC865D600F2CCC3 /* Supporting Files */ = {
			isa = PBXGroup;
			children = (
				54B4F6551ACB101800788EAA /* Classes, functions and extensions.swift */,
				54A07A381AC9BF9A00217F0F /* Flag.png */,
				54704AF41AC9BAAD009C09ED /* Bomb.png */,
				243230261AC865D600F2CCC3 /* Info.plist */,
			);
			name = "Supporting Files";
			sourceTree = "<group>";
		};
		243230371AC865D600F2CCC3 /* MiniGames UltraTests */ = {
			isa = PBXGroup;
			children = (
				2432303A1AC865D600F2CCC3 /* MiniGames_UltraTests.swift */,
				243230381AC865D600F2CCC3 /* Supporting Files */,
			);
			path = "MiniGames UltraTests";
			sourceTree = "<group>";
		};
		243230381AC865D600F2CCC3 /* Supporting Files */ = {
			isa = PBXGroup;
			children = (
				243230391AC865D600F2CCC3 /* Info.plist */,
			);
			name = "Supporting Files";
			sourceTree = "<group>";
		};
		2432304A1AC869A800F2CCC3 /* Games */ = {
			isa = PBXGroup;
			children = (
				92A46B341AC9591500B2050E /* BallGame */,
				2432304B1AC869B300F2CCC3 /* Minesweeper */,
			);
			name = Games;
			sourceTree = "<group>";
		};
		2432304B1AC869B300F2CCC3 /* Minesweeper */ = {
			isa = PBXGroup;
			children = (
				243230461AC8696400F2CCC3 /* MinesweeperMain.swift */,
				243230481AC869A000F2CCC3 /* MinesweeperHardness.swift */,
			);
			name = Minesweeper;
			sourceTree = "<group>";
		};
		92A46B341AC9591500B2050E /* BallGame */ = {
			isa = PBXGroup;
			children = (
				92A46B321AC958E400B2050E /* Ball.swift */,
			);
			name = BallGame;
			sourceTree = "<group>";
		};
/* End PBXGroup section */

/* Begin PBXNativeTarget section */
		243230211AC865D600F2CCC3 /* MiniGames Ultra */ = {
			isa = PBXNativeTarget;
			buildConfigurationList = 2432303E1AC865D600F2CCC3 /* Build configuration list for PBXNativeTarget "MiniGames Ultra" */;
			buildPhases = (
				2432301E1AC865D600F2CCC3 /* Sources */,
				2432301F1AC865D600F2CCC3 /* Frameworks */,
				243230201AC865D600F2CCC3 /* Resources */,
			);
			buildRules = (
			);
			dependencies = (
			);
			name = "MiniGames Ultra";
			productName = "MiniGames Ultra";
			productReference = 243230221AC865D600F2CCC3 /* MiniGames Ultra.app */;
			productType = "com.apple.product-type.application";
		};
		243230331AC865D600F2CCC3 /* MiniGames UltraTests */ = {
			isa = PBXNativeTarget;
			buildConfigurationList = 243230411AC865D600F2CCC3 /* Build configuration list for PBXNativeTarget "MiniGames UltraTests" */;
			buildPhases = (
				243230301AC865D600F2CCC3 /* Sources */,
				243230311AC865D600F2CCC3 /* Frameworks */,
				243230321AC865D600F2CCC3 /* Resources */,
			);
			buildRules = (
			);
			dependencies = (
				243230361AC865D600F2CCC3 /* PBXTargetDependency */,
			);
			name = "MiniGames UltraTests";
			productName = "MiniGames UltraTests";
			productReference = 243230341AC865D600F2CCC3 /* MiniGames UltraTests.xctest */;
			productType = "com.apple.product-type.bundle.unit-test";
		};
/* End PBXNativeTarget section */

/* Begin PBXProject section */
		2432301A1AC865D600F2CCC3 /* Project object */ = {
			isa = PBXProject;
			attributes = {
				LastUpgradeCheck = 0610;
				ORGANIZATIONNAME = TheUnbelievable;
				TargetAttributes = {
					243230211AC865D600F2CCC3 = {
						CreatedOnToolsVersion = 6.1.1;
					};
					243230331AC865D600F2CCC3 = {
						CreatedOnToolsVersion = 6.1.1;
						TestTargetID = 243230211AC865D600F2CCC3;
					};
				};
			};
			buildConfigurationList = 2432301D1AC865D600F2CCC3 /* Build configuration list for PBXProject "MiniGames Ultra" */;
			compatibilityVersion = "Xcode 3.2";
			developmentRegion = English;
			hasScannedForEncodings = 0;
			knownRegions = (
				en,
				Base,
			);
			mainGroup = 243230191AC865D600F2CCC3;
			productRefGroup = 243230231AC865D600F2CCC3 /* Products */;
			projectDirPath = "";
			projectRoot = "";
			targets = (
				243230211AC865D600F2CCC3 /* MiniGames Ultra */,
				243230331AC865D600F2CCC3 /* MiniGames UltraTests */,
			);
		};
/* End PBXProject section */

/* Begin PBXResourcesBuildPhase section */
		243230201AC865D600F2CCC3 /* Resources */ = {
			isa = PBXResourcesBuildPhase;
			buildActionMask = 2147483647;
			files = (
				54704AF51AC9BAAE009C09ED /* Bomb.png in Resources */,
				54A07A391AC9BF9A00217F0F /* Flag.png in Resources */,
				2432302C1AC865D600F2CCC3 /* Images.xcassets in Resources */,
				2432302F1AC865D600F2CCC3 /* Main.storyboard in Resources */,
			);
			runOnlyForDeploymentPostprocessing = 0;
		};
		243230321AC865D600F2CCC3 /* Resources */ = {
			isa = PBXResourcesBuildPhase;
			buildActionMask = 2147483647;
			files = (
			);
			runOnlyForDeploymentPostprocessing = 0;
		};
/* End PBXResourcesBuildPhase section */

/* Begin PBXSourcesBuildPhase section */
		2432301E1AC865D600F2CCC3 /* Sources */ = {
			isa = PBXSourcesBuildPhase;
			buildActionMask = 2147483647;
			files = (
				92A46B331AC958E400B2050E /* Ball.swift in Sources */,
				2432302A1AC865D600F2CCC3 /* ViewController.swift in Sources */,
				544646711ACC5F6B003F1B25 /* GameClass.swift in Sources */,
				243230491AC869A000F2CCC3 /* MinesweeperHardness.swift in Sources */,
				243230471AC8696400F2CCC3 /* MinesweeperMain.swift in Sources */,
				243230451AC868B400F2CCC3 /* MainController.swift in Sources */,
				243230281AC865D600F2CCC3 /* AppDelegate.swift in Sources */,
				54B4F6561ACB101800788EAA /* Classes, functions and extensions.swift in Sources */,
			);
			runOnlyForDeploymentPostprocessing = 0;
		};
		243230301AC865D600F2CCC3 /* Sources */ = {
			isa = PBXSourcesBuildPhase;
			buildActionMask = 2147483647;
			files = (
				2432303B1AC865D600F2CCC3 /* MiniGames_UltraTests.swift in Sources */,
			);
			runOnlyForDeploymentPostprocessing = 0;
		};
/* End PBXSourcesBuildPhase section */

/* Begin PBXTargetDependency section */
		243230361AC865D600F2CCC3 /* PBXTargetDependency */ = {
			isa = PBXTargetDependency;
			target = 243230211AC865D600F2CCC3 /* MiniGames Ultra */;
			targetProxy = 243230351AC865D600F2CCC3 /* PBXContainerItemProxy */;
		};
/* End PBXTargetDependency section */

/* Begin PBXVariantGroup section */
		2432302D1AC865D600F2CCC3 /* Main.storyboard */ = {
			isa = PBXVariantGroup;
			children = (
				2432302E1AC865D600F2CCC3 /* Base */,
			);
			name = Main.storyboard;
			sourceTree = "<group>";
		};
/* End PBXVariantGroup section */

/* Begin XCBuildConfiguration section */
		2432303C1AC865D600F2CCC3 /* Debug */ = {
			isa = XCBuildConfiguration;
			buildSettings = {
				ALWAYS_SEARCH_USER_PATHS = NO;
				CLANG_CXX_LANGUAGE_STANDARD = "gnu++0x";
				CLANG_CXX_LIBRARY = "libc++";
				CLANG_ENABLE_MODULES = YES;
				CLANG_ENABLE_OBJC_ARC = YES;
				CLANG_WARN_BOOL_CONVERSION = YES;
				CLANG_WARN_CONSTANT_CONVERSION = YES;
				CLANG_WARN_DIRECT_OBJC_ISA_USAGE = YES_ERROR;
				CLANG_WARN_EMPTY_BODY = YES;
				CLANG_WARN_ENUM_CONVERSION = YES;
				CLANG_WARN_INT_CONVERSION = YES;
				CLANG_WARN_OBJC_ROOT_CLASS = YES_ERROR;
				CLANG_WARN_UNREACHABLE_CODE = YES;
				CLANG_WARN__DUPLICATE_METHOD_MATCH = YES;
				CODE_SIGN_IDENTITY = "-";
				COPY_PHASE_STRIP = NO;
				ENABLE_STRICT_OBJC_MSGSEND = YES;
				GCC_C_LANGUAGE_STANDARD = gnu99;
				GCC_DYNAMIC_NO_PIC = NO;
				GCC_OPTIMIZATION_LEVEL = 0;
				GCC_PREPROCESSOR_DEFINITIONS = (
					"DEBUG=1",
					"$(inherited)",
				);
				GCC_SYMBOLS_PRIVATE_EXTERN = NO;
				GCC_WARN_64_TO_32_BIT_CONVERSION = YES;
				GCC_WARN_ABOUT_RETURN_TYPE = YES_ERROR;
				GCC_WARN_UNDECLARED_SELECTOR = YES;
				GCC_WARN_UNINITIALIZED_AUTOS = YES_AGGRESSIVE;
				GCC_WARN_UNUSED_FUNCTION = YES;
				GCC_WARN_UNUSED_VARIABLE = YES;
				MACOSX_DEPLOYMENT_TARGET = 10.10;
				MTL_ENABLE_DEBUG_INFO = YES;
				ONLY_ACTIVE_ARCH = YES;
				SDKROOT = macosx;
				SWIFT_OPTIMIZATION_LEVEL = "-Onone";
			};
			name = Debug;
		};
		2432303D1AC865D600F2CCC3 /* Release */ = {
			isa = XCBuildConfiguration;
			buildSettings = {
				ALWAYS_SEARCH_USER_PATHS = NO;
				CLANG_CXX_LANGUAGE_STANDARD = "gnu++0x";
				CLANG_CXX_LIBRARY = "libc++";
				CLANG_ENABLE_MODULES = YES;
				CLANG_ENABLE_OBJC_ARC = YES;
				CLANG_WARN_BOOL_CONVERSION = YES;
				CLANG_WARN_CONSTANT_CONVERSION = YES;
				CLANG_WARN_DIRECT_OBJC_ISA_USAGE = YES_ERROR;
				CLANG_WARN_EMPTY_BODY = YES;
				CLANG_WARN_ENUM_CONVERSION = YES;
				CLANG_WARN_INT_CONVERSION = YES;
				CLANG_WARN_OBJC_ROOT_CLASS = YES_ERROR;
				CLANG_WARN_UNREACHABLE_CODE = YES;
				CLANG_WARN__DUPLICATE_METHOD_MATCH = YES;
				CODE_SIGN_IDENTITY = "-";
				COPY_PHASE_STRIP = YES;
				DEBUG_INFORMATION_FORMAT = "dwarf-with-dsym";
				ENABLE_NS_ASSERTIONS = NO;
				ENABLE_STRICT_OBJC_MSGSEND = YES;
				GCC_C_LANGUAGE_STANDARD = gnu99;
				GCC_WARN_64_TO_32_BIT_CONVERSION = YES;
				GCC_WARN_ABOUT_RETURN_TYPE = YES_ERROR;
				GCC_WARN_UNDECLARED_SELECTOR = YES;
				GCC_WARN_UNINITIALIZED_AUTOS = YES_AGGRESSIVE;
				GCC_WARN_UNUSED_FUNCTION = YES;
				GCC_WARN_UNUSED_VARIABLE = YES;
				MACOSX_DEPLOYMENT_TARGET = 10.10;
				MTL_ENABLE_DEBUG_INFO = NO;
				SDKROOT = macosx;
			};
			name = Release;
		};
		2432303F1AC865D600F2CCC3 /* Debug */ = {
			isa = XCBuildConfiguration;
			buildSettings = {
				ASSETCATALOG_COMPILER_APPICON_NAME = AppIcon;
				COMBINE_HIDPI_IMAGES = YES;
				INFOPLIST_FILE = "MiniGames Ultra/Info.plist";
				LD_RUNPATH_SEARCH_PATHS = "$(inherited) @executable_path/../Frameworks";
				PRODUCT_NAME = "$(TARGET_NAME)";
			};
			name = Debug;
		};
		243230401AC865D600F2CCC3 /* Release */ = {
			isa = XCBuildConfiguration;
			buildSettings = {
				ASSETCATALOG_COMPILER_APPICON_NAME = AppIcon;
				COMBINE_HIDPI_IMAGES = YES;
				INFOPLIST_FILE = "MiniGames Ultra/Info.plist";
				LD_RUNPATH_SEARCH_PATHS = "$(inherited) @executable_path/../Frameworks";
				PRODUCT_NAME = "$(TARGET_NAME)";
			};
			name = Release;
		};
		243230421AC865D600F2CCC3 /* Debug */ = {
			isa = XCBuildConfiguration;
			buildSettings = {
				BUNDLE_LOADER = "$(TEST_HOST)";
				COMBINE_HIDPI_IMAGES = YES;
				FRAMEWORK_SEARCH_PATHS = (
					"$(DEVELOPER_FRAMEWORKS_DIR)",
					"$(inherited)",
				);
				GCC_PREPROCESSOR_DEFINITIONS = (
					"DEBUG=1",
					"$(inherited)",
				);
				INFOPLIST_FILE = "MiniGames UltraTests/Info.plist";
				LD_RUNPATH_SEARCH_PATHS = "$(inherited) @executable_path/../Frameworks @loader_path/../Frameworks";
				PRODUCT_NAME = "$(TARGET_NAME)";
				TEST_HOST = "$(BUILT_PRODUCTS_DIR)/MiniGames Ultra.app/Contents/MacOS/MiniGames Ultra";
			};
			name = Debug;
		};
		243230431AC865D600F2CCC3 /* Release */ = {
			isa = XCBuildConfiguration;
			buildSettings = {
				BUNDLE_LOADER = "$(TEST_HOST)";
				COMBINE_HIDPI_IMAGES = YES;
				FRAMEWORK_SEARCH_PATHS = (
					"$(DEVELOPER_FRAMEWORKS_DIR)",
					"$(inherited)",
				);
				INFOPLIST_FILE = "MiniGames UltraTests/Info.plist";
				LD_RUNPATH_SEARCH_PATHS = "$(inherited) @executable_path/../Frameworks @loader_path/../Frameworks";
				PRODUCT_NAME = "$(TARGET_NAME)";
				TEST_HOST = "$(BUILT_PRODUCTS_DIR)/MiniGames Ultra.app/Contents/MacOS/MiniGames Ultra";
			};
			name = Release;
		};
/* End XCBuildConfiguration section */

/* Begin XCConfigurationList section */
		2432301D1AC865D600F2CCC3 /* Build configuration list for PBXProject "MiniGames Ultra" */ = {
			isa = XCConfigurationList;
			buildConfigurations = (
				2432303C1AC865D600F2CCC3 /* Debug */,
				2432303D1AC865D600F2CCC3 /* Release */,
			);
			defaultConfigurationIsVisible = 0;
			defaultConfigurationName = Release;
		};
		2432303E1AC865D600F2CCC3 /* Build configuration list for PBXNativeTarget "MiniGames Ultra" */ = {
			isa = XCConfigurationList;
			buildConfigurations = (
				2432303F1AC865D600F2CCC3 /* Debug */,
				243230401AC865D600F2CCC3 /* Release */,
			);
			defaultConfigurationIsVisible = 0;
			defaultConfigurationName = Release;
		};
		243230411AC865D600F2CCC3 /* Build configuration list for PBXNativeTarget "MiniGames UltraTests" */ = {
			isa = XCConfigurationList;
			buildConfigurations = (
				243230421AC865D600F2CCC3 /* Debug */,
				243230431AC865D600F2CCC3 /* Release */,
			);
			defaultConfigurationIsVisible = 0;
			defaultConfigurationName = Release;
		};
/* End XCConfigurationList section */
	};
	rootObject = 2432301A1AC865D600F2CCC3 /* Project object */;
}
