// !$*UTF8*$!
{
	archiveVersion = 1;
	classes = {
	};
	objectVersion = 46;
	objects = {

/* Begin PBXBuildFile section */
		243230281AC865D600F2CCC3 /* AppDelegate.swift in Sources */ = {isa = PBXBuildFile; fileRef = 243230271AC865D600F2CCC3 /* AppDelegate.swift */; };
		2432302A1AC865D600F2CCC3 /* ViewController.swift in Sources */ = {isa = PBXBuildFile; fileRef = 243230291AC865D600F2CCC3 /* ViewController.swift */; };
		2432302C1AC865D600F2CCC3 /* Images.xcassets in Resources */ = {isa = PBXBuildFile; fileRef = 2432302B1AC865D600F2CCC3 /* Images.xcassets */; };
		2432302F1AC865D600F2CCC3 /* Main.storyboard in Resources */ = {isa = PBXBuildFile; fileRef = 2432302D1AC865D600F2CCC3 /* Main.storyboard */; };
		2432303B1AC865D600F2CCC3 /* MiniGames_UltraTests.swift in Sources */ = {isa = PBXBuildFile; fileRef = 2432303A1AC865D600F2CCC3 /* MiniGames_UltraTests.swift */; };
		243230451AC868B400F2CCC3 /* MainController.swift in Sources */ = {isa = PBXBuildFile; fileRef = 243230441AC868B400F2CCC3 /* MainController.swift */; };
		243230471AC8696400F2CCC3 /* MinesweeperMain.swift in Sources */ = {isa = PBXBuildFile; fileRef = 243230461AC8696400F2CCC3 /* MinesweeperMain.swift */; };
		243230491AC869A000F2CCC3 /* MinesweeperHardness.swift in Sources */ = {isa = PBXBuildFile; fileRef = 243230481AC869A000F2CCC3 /* MinesweeperHardness.swift */; };
		247D17B51AE976F600614E01 /* GhostMedium.png in Resources */ = {isa = PBXBuildFile; fileRef = 247D17B21AE976F600614E01 /* GhostMedium.png */; };
		247D17B61AE976F600614E01 /* GhostSmall.png in Resources */ = {isa = PBXBuildFile; fileRef = 247D17B31AE976F600614E01 /* GhostSmall.png */; };
		247D17B71AE976F600614E01 /* GhostBig.png in Resources */ = {isa = PBXBuildFile; fileRef = 247D17B41AE976F600614E01 /* GhostBig.png */; };
		249D28431AD2CABE00693797 /* SudokuHardness.swift in Sources */ = {isa = PBXBuildFile; fileRef = 249D28421AD2CABE00693797 /* SudokuHardness.swift */; };
		249D28461AD2CACD00693797 /* SudokuMain.swift in Sources */ = {isa = PBXBuildFile; fileRef = 249D28441AD2CACD00693797 /* SudokuMain.swift */; };
		5430151F1AD2A2BC00C5922B /* Localizable.strings in Resources */ = {isa = PBXBuildFile; fileRef = 543015211AD2A2BC00C5922B /* Localizable.strings */; };
		544646711ACC5F6B003F1B25 /* GameClass.swift in Sources */ = {isa = PBXBuildFile; fileRef = 544646701ACC5F6B003F1B25 /* GameClass.swift */; };
		547009851AD1B084003C8E66 /* Button bomb.png in Resources */ = {isa = PBXBuildFile; fileRef = 547009841AD1B084003C8E66 /* Button bomb.png */; };
		54704AF51AC9BAAE009C09ED /* Bomb.png in Resources */ = {isa = PBXBuildFile; fileRef = 54704AF41AC9BAAD009C09ED /* Bomb.png */; };
		5473DA061AEE715600FB05E6 /* MonsterDestroy.sks in Resources */ = {isa = PBXBuildFile; fileRef = 5473DA051AEE715600FB05E6 /* MonsterDestroy.sks */; };
		548A0B801AE61E4100B34037 /* ArcadeGameController.swift in Sources */ = {isa = PBXBuildFile; fileRef = 548A0B7F1AE61E4100B34037 /* ArcadeGameController.swift */; };
		548A0B8F1AE6238600B34037 /* GameOverScene.swift in Sources */ = {isa = PBXBuildFile; fileRef = 548A0B8E1AE6238600B34037 /* GameOverScene.swift */; };
		54A07A391AC9BF9A00217F0F /* Flag.png in Resources */ = {isa = PBXBuildFile; fileRef = 54A07A381AC9BF9A00217F0F /* Flag.png */; };
		54AE99611AEA9BB400053BD6 /* ArcadeGameMain.swift in Sources */ = {isa = PBXBuildFile; fileRef = 54AE995A1AEA9BB400053BD6 /* ArcadeGameMain.swift */; };
		54AE99621AEA9BB400053BD6 /* ball.png in Resources */ = {isa = PBXBuildFile; fileRef = 54AE995B1AEA9BB400053BD6 /* ball.png */; };
		54AE99631AEA9BB400053BD6 /* desk.jpg in Resources */ = {isa = PBXBuildFile; fileRef = 54AE995C1AEA9BB400053BD6 /* desk.jpg */; };
		54AE99641AEA9BB400053BD6 /* metal.png in Resources */ = {isa = PBXBuildFile; fileRef = 54AE995D1AEA9BB400053BD6 /* metal.png */; };
		54AE99651AEA9BB400053BD6 /* ninja.png in Resources */ = {isa = PBXBuildFile; fileRef = 54AE995E1AEA9BB400053BD6 /* ninja.png */; };
		54AE996C1AEA9D0600053BD6 /* starBlack.png in Resources */ = {isa = PBXBuildFile; fileRef = 54AE99691AEA9D0600053BD6 /* starBlack.png */; };
		54AE99731AEAAA1400053BD6 /* ninjaStar.png in Resources */ = {isa = PBXBuildFile; fileRef = 54AE99701AEAAA1400053BD6 /* ninjaStar.png */; };
		54AE99741AEAAA1400053BD6 /* starCyclone.png in Resources */ = {isa = PBXBuildFile; fileRef = 54AE99711AEAAA1400053BD6 /* starCyclone.png */; };
		54AE99751AEAAA1400053BD6 /* starDragon.png in Resources */ = {isa = PBXBuildFile; fileRef = 54AE99721AEAAA1400053BD6 /* starDragon.png */; };
		54AEB1D81ADFBF64007BC829 /* 2048Main.swift in Sources */ = {isa = PBXBuildFile; fileRef = 54AEB1D61ADFBF64007BC829 /* 2048Main.swift */; };
		54B4F6561ACB101800788EAA /* Classes, functions and extensions.swift in Sources */ = {isa = PBXBuildFile; fileRef = 54B4F6551ACB101800788EAA /* Classes, functions and extensions.swift */; };
		54C0F81F1AEBD3CE004451C9 /* ExplosionParticle.sks in Resources */ = {isa = PBXBuildFile; fileRef = 54C0F81D1AEBD3CE004451C9 /* ExplosionParticle.sks */; };
		54C0F8201AEBD3CE004451C9 /* spark.png in Resources */ = {isa = PBXBuildFile; fileRef = 54C0F81E1AEBD3CE004451C9 /* spark.png */; };
		54E8B5921AEF5E380004FA8E /* BombParticle.sks in Resources */ = {isa = PBXBuildFile; fileRef = 54E8B5911AEF5E380004FA8E /* BombParticle.sks */; };
		54F05D571AEEBAD8002DD512 /* Bomb2.png in Resources */ = {isa = PBXBuildFile; fileRef = 54F05D561AEEBAD8002DD512 /* Bomb2.png */; };
		92092A7E1AD5B48200E824EA /* 40px-Lightning_Bolt_on_Circle.svg.png in Resources */ = {isa = PBXBuildFile; fileRef = 92092A7D1AD5B48200E824EA /* 40px-Lightning_Bolt_on_Circle.svg.png */; };
		92092A801AD5B53C00E824EA /* green-arrows.gif in Resources */ = {isa = PBXBuildFile; fileRef = 92092A7F1AD5B53C00E824EA /* green-arrows.gif */; };
		92092A821AD5B63200E824EA /* icon-heart.png in Resources */ = {isa = PBXBuildFile; fileRef = 92092A811AD5B63200E824EA /* icon-heart.png */; };
		92092A841AD5B68D00E824EA /* arrow_down.jpg in Resources */ = {isa = PBXBuildFile; fileRef = 92092A831AD5B68D00E824EA /* arrow_down.jpg */; };
		92092A861AD5B94000E824EA /* horizontal-line.png in Resources */ = {isa = PBXBuildFile; fileRef = 92092A851AD5B94000E824EA /* horizontal-line.png */; };
		92092A881AD5BAD100E824EA /* red-letter-t-in-yellow-plastic-construction-kit-Download-Royalty-free-Vector-File-EPS-49842.jpg in Resources */ = {isa = PBXBuildFile; fileRef = 92092A871AD5BAD100E824EA /* red-letter-t-in-yellow-plastic-construction-kit-Download-Royalty-free-Vector-File-EPS-49842.jpg */; };
		92092A8A1AD702C900E824EA /* 10451792_1007012445979844_2330471086718529051_n.png in Resources */ = {isa = PBXBuildFile; fileRef = 92092A891AD702C900E824EA /* 10451792_1007012445979844_2330471086718529051_n.png */; };
		921632D61AD414C500A61088 /* Sea Battle.swift in Sources */ = {isa = PBXBuildFile; fileRef = 921632D51AD414C500A61088 /* Sea Battle.swift */; };
		922E327C1ADF83BB00AF18B7 /* ball-green-e1407162219342.png in Resources */ = {isa = PBXBuildFile; fileRef = 922E327B1ADF83BB00AF18B7 /* ball-green-e1407162219342.png */; };
		922E32821ADF880500AF18B7 /* Ai1-standaard-snelheid.png in Resources */ = {isa = PBXBuildFile; fileRef = 922E32811ADF880500AF18B7 /* Ai1-standaard-snelheid.png */; };
		922E32841ADFB53200AF18B7 /* OTD62.gif in Resources */ = {isa = PBXBuildFile; fileRef = 922E32831ADFB53200AF18B7 /* OTD62.gif */; };
		92A46B331AC958E400B2050E /* Ball.swift in Sources */ = {isa = PBXBuildFile; fileRef = 92A46B321AC958E400B2050E /* Ball.swift */; };
/* End PBXBuildFile section */

/* Begin PBXContainerItemProxy section */
		243230351AC865D600F2CCC3 /* PBXContainerItemProxy */ = {
			isa = PBXContainerItemProxy;
			containerPortal = 2432301A1AC865D600F2CCC3 /* Project object */;
			proxyType = 1;
			remoteGlobalIDString = 243230211AC865D600F2CCC3;
			remoteInfo = "MiniGames Ultra";
		};
/* End PBXContainerItemProxy section */

/* Begin PBXFileReference section */
		243230221AC865D600F2CCC3 /* MiniGames Ultra.app */ = {isa = PBXFileReference; explicitFileType = wrapper.application; includeInIndex = 0; path = "MiniGames Ultra.app"; sourceTree = BUILT_PRODUCTS_DIR; };
		243230261AC865D600F2CCC3 /* Info.plist */ = {isa = PBXFileReference; lastKnownFileType = text.plist.xml; path = Info.plist; sourceTree = "<group>"; };
		243230271AC865D600F2CCC3 /* AppDelegate.swift */ = {isa = PBXFileReference; lastKnownFileType = sourcecode.swift; path = AppDelegate.swift; sourceTree = "<group>"; };
		243230291AC865D600F2CCC3 /* ViewController.swift */ = {isa = PBXFileReference; lastKnownFileType = sourcecode.swift; path = ViewController.swift; sourceTree = "<group>"; };
		2432302B1AC865D600F2CCC3 /* Images.xcassets */ = {isa = PBXFileReference; lastKnownFileType = folder.assetcatalog; path = Images.xcassets; sourceTree = "<group>"; };
		2432302E1AC865D600F2CCC3 /* Base */ = {isa = PBXFileReference; lastKnownFileType = file.storyboard; name = Base; path = Base.lproj/Main.storyboard; sourceTree = "<group>"; };
		243230341AC865D600F2CCC3 /* MiniGames UltraTests.xctest */ = {isa = PBXFileReference; explicitFileType = wrapper.cfbundle; includeInIndex = 0; path = "MiniGames UltraTests.xctest"; sourceTree = BUILT_PRODUCTS_DIR; };
		243230391AC865D600F2CCC3 /* Info.plist */ = {isa = PBXFileReference; lastKnownFileType = text.plist.xml; path = Info.plist; sourceTree = "<group>"; };
		2432303A1AC865D600F2CCC3 /* MiniGames_UltraTests.swift */ = {isa = PBXFileReference; lastKnownFileType = sourcecode.swift; path = MiniGames_UltraTests.swift; sourceTree = "<group>"; };
		243230441AC868B400F2CCC3 /* MainController.swift */ = {isa = PBXFileReference; fileEncoding = 4; lastKnownFileType = sourcecode.swift; path = MainController.swift; sourceTree = "<group>"; };
		243230461AC8696400F2CCC3 /* MinesweeperMain.swift */ = {isa = PBXFileReference; fileEncoding = 4; lastKnownFileType = sourcecode.swift; path = MinesweeperMain.swift; sourceTree = "<group>"; };
		243230481AC869A000F2CCC3 /* MinesweeperHardness.swift */ = {isa = PBXFileReference; fileEncoding = 4; lastKnownFileType = sourcecode.swift; path = MinesweeperHardness.swift; sourceTree = "<group>"; };
		247D17B21AE976F600614E01 /* GhostMedium.png */ = {isa = PBXFileReference; lastKnownFileType = image.png; path = GhostMedium.png; sourceTree = "<group>"; };
		247D17B31AE976F600614E01 /* GhostSmall.png */ = {isa = PBXFileReference; lastKnownFileType = image.png; path = GhostSmall.png; sourceTree = "<group>"; };
		247D17B41AE976F600614E01 /* GhostBig.png */ = {isa = PBXFileReference; lastKnownFileType = image.png; path = GhostBig.png; sourceTree = "<group>"; };
		249D28421AD2CABE00693797 /* SudokuHardness.swift */ = {isa = PBXFileReference; fileEncoding = 4; lastKnownFileType = sourcecode.swift; path = SudokuHardness.swift; sourceTree = "<group>"; };
		249D28441AD2CACD00693797 /* SudokuMain.swift */ = {isa = PBXFileReference; fileEncoding = 4; lastKnownFileType = sourcecode.swift; path = SudokuMain.swift; sourceTree = "<group>"; };
		54046CD81ADE7ACE001AAA5A /* ru */ = {isa = PBXFileReference; lastKnownFileType = text.plist.strings; name = ru; path = ru.lproj/Localizable.strings; sourceTree = "<group>"; };
		543015201AD2A2BC00C5922B /* en */ = {isa = PBXFileReference; lastKnownFileType = text.plist.strings; name = en; path = en.lproj/Localizable.strings; sourceTree = "<group>"; };
		544646701ACC5F6B003F1B25 /* GameClass.swift */ = {isa = PBXFileReference; fileEncoding = 4; lastKnownFileType = sourcecode.swift; path = GameClass.swift; sourceTree = "<group>"; };
		547009841AD1B084003C8E66 /* Button bomb.png */ = {isa = PBXFileReference; lastKnownFileType = image.png; path = "Button bomb.png"; sourceTree = "<group>"; };
		54704AF41AC9BAAD009C09ED /* Bomb.png */ = {isa = PBXFileReference; lastKnownFileType = image.png; path = Bomb.png; sourceTree = "<group>"; };
		5473DA051AEE715600FB05E6 /* MonsterDestroy.sks */ = {isa = PBXFileReference; lastKnownFileType = file.sks; path = MonsterDestroy.sks; sourceTree = "<group>"; };
		548A0B7F1AE61E4100B34037 /* ArcadeGameController.swift */ = {isa = PBXFileReference; fileEncoding = 4; lastKnownFileType = sourcecode.swift; path = ArcadeGameController.swift; sourceTree = "<group>"; };
		548A0B8E1AE6238600B34037 /* GameOverScene.swift */ = {isa = PBXFileReference; fileEncoding = 4; lastKnownFileType = sourcecode.swift; path = GameOverScene.swift; sourceTree = "<group>"; };
		54A07A381AC9BF9A00217F0F /* Flag.png */ = {isa = PBXFileReference; lastKnownFileType = image.png; path = Flag.png; sourceTree = "<group>"; };
		54AE995A1AEA9BB400053BD6 /* ArcadeGameMain.swift */ = {isa = PBXFileReference; fileEncoding = 4; lastKnownFileType = sourcecode.swift; path = ArcadeGameMain.swift; sourceTree = "<group>"; };
		54AE995B1AEA9BB400053BD6 /* ball.png */ = {isa = PBXFileReference; lastKnownFileType = image.png; path = ball.png; sourceTree = "<group>"; };
		54AE995C1AEA9BB400053BD6 /* desk.jpg */ = {isa = PBXFileReference; lastKnownFileType = image.jpeg; path = desk.jpg; sourceTree = "<group>"; };
		54AE995D1AEA9BB400053BD6 /* metal.png */ = {isa = PBXFileReference; lastKnownFileType = image.png; path = metal.png; sourceTree = "<group>"; };
		54AE995E1AEA9BB400053BD6 /* ninja.png */ = {isa = PBXFileReference; lastKnownFileType = image.png; path = ninja.png; sourceTree = "<group>"; };
		54AE99691AEA9D0600053BD6 /* starBlack.png */ = {isa = PBXFileReference; lastKnownFileType = image.png; path = starBlack.png; sourceTree = "<group>"; };
		54AE99701AEAAA1400053BD6 /* ninjaStar.png */ = {isa = PBXFileReference; lastKnownFileType = image.png; path = ninjaStar.png; sourceTree = "<group>"; };
		54AE99711AEAAA1400053BD6 /* starCyclone.png */ = {isa = PBXFileReference; lastKnownFileType = image.png; path = starCyclone.png; sourceTree = "<group>"; };
		54AE99721AEAAA1400053BD6 /* starDragon.png */ = {isa = PBXFileReference; lastKnownFileType = image.png; path = starDragon.png; sourceTree = "<group>"; };
		54AEB1D61ADFBF64007BC829 /* 2048Main.swift */ = {isa = PBXFileReference; fileEncoding = 4; lastKnownFileType = sourcecode.swift; path = 2048Main.swift; sourceTree = "<group>"; };
		54B4F6551ACB101800788EAA /* Classes, functions and extensions.swift */ = {isa = PBXFileReference; fileEncoding = 4; lastKnownFileType = sourcecode.swift; path = "Classes, functions and extensions.swift"; sourceTree = "<group>"; };
		54C0F81D1AEBD3CE004451C9 /* ExplosionParticle.sks */ = {isa = PBXFileReference; lastKnownFileType = file.sks; path = ExplosionParticle.sks; sourceTree = "<group>"; };
		54C0F81E1AEBD3CE004451C9 /* spark.png */ = {isa = PBXFileReference; lastKnownFileType = image.png; path = spark.png; sourceTree = "<group>"; };
		54E8B5911AEF5E380004FA8E /* BombParticle.sks */ = {isa = PBXFileReference; lastKnownFileType = file.sks; path = BombParticle.sks; sourceTree = "<group>"; };
		54F05D561AEEBAD8002DD512 /* Bomb2.png */ = {isa = PBXFileReference; lastKnownFileType = image.png; path = Bomb2.png; sourceTree = "<group>"; };
		92092A7D1AD5B48200E824EA /* 40px-Lightning_Bolt_on_Circle.svg.png */ = {isa = PBXFileReference; lastKnownFileType = image.png; path = "40px-Lightning_Bolt_on_Circle.svg.png"; sourceTree = "<group>"; };
		92092A7F1AD5B53C00E824EA /* green-arrows.gif */ = {isa = PBXFileReference; lastKnownFileType = image.gif; path = "green-arrows.gif"; sourceTree = "<group>"; };
		92092A811AD5B63200E824EA /* icon-heart.png */ = {isa = PBXFileReference; lastKnownFileType = image.png; path = "icon-heart.png"; sourceTree = "<group>"; };
		92092A831AD5B68D00E824EA /* arrow_down.jpg */ = {isa = PBXFileReference; lastKnownFileType = image.jpeg; path = arrow_down.jpg; sourceTree = "<group>"; };
		92092A851AD5B94000E824EA /* horizontal-line.png */ = {isa = PBXFileReference; lastKnownFileType = image.png; path = "horizontal-line.png"; sourceTree = "<group>"; };
		92092A871AD5BAD100E824EA /* red-letter-t-in-yellow-plastic-construction-kit-Download-Royalty-free-Vector-File-EPS-49842.jpg */ = {isa = PBXFileReference; lastKnownFileType = image.jpeg; path = "red-letter-t-in-yellow-plastic-construction-kit-Download-Royalty-free-Vector-File-EPS-49842.jpg"; sourceTree = "<group>"; };
		92092A891AD702C900E824EA /* 10451792_1007012445979844_2330471086718529051_n.png */ = {isa = PBXFileReference; lastKnownFileType = image.png; path = 10451792_1007012445979844_2330471086718529051_n.png; sourceTree = "<group>"; };
		921632D51AD414C500A61088 /* Sea Battle.swift */ = {isa = PBXFileReference; fileEncoding = 4; lastKnownFileType = sourcecode.swift; path = "Sea Battle.swift"; sourceTree = "<group>"; };
		922E327B1ADF83BB00AF18B7 /* ball-green-e1407162219342.png */ = {isa = PBXFileReference; lastKnownFileType = image.png; path = "ball-green-e1407162219342.png"; sourceTree = "<group>"; };
		922E32811ADF880500AF18B7 /* Ai1-standaard-snelheid.png */ = {isa = PBXFileReference; lastKnownFileType = image.png; path = "Ai1-standaard-snelheid.png"; sourceTree = "<group>"; };
		922E32831ADFB53200AF18B7 /* OTD62.gif */ = {isa = PBXFileReference; lastKnownFileType = image.gif; path = OTD62.gif; sourceTree = "<group>"; };
		92A46B321AC958E400B2050E /* Ball.swift */ = {isa = PBXFileReference; fileEncoding = 4; lastKnownFileType = sourcecode.swift; path = Ball.swift; sourceTree = "<group>"; };
/* End PBXFileReference section */

/* Begin PBXFrameworksBuildPhase section */
		2432301F1AC865D600F2CCC3 /* Frameworks */ = {
			isa = PBXFrameworksBuildPhase;
			buildActionMask = 2147483647;
			files = (
			);
			runOnlyForDeploymentPostprocessing = 0;
		};
		243230311AC865D600F2CCC3 /* Frameworks */ = {
			isa = PBXFrameworksBuildPhase;
			buildActionMask = 2147483647;
			files = (
			);
			runOnlyForDeploymentPostprocessing = 0;
		};
/* End PBXFrameworksBuildPhase section */

/* Begin PBXGroup section */
		243230191AC865D600F2CCC3 = {
			isa = PBXGroup;
			children = (
				243230241AC865D600F2CCC3 /* MiniGames Ultra */,
				243230371AC865D600F2CCC3 /* MiniGames UltraTests */,
				243230231AC865D600F2CCC3 /* Products */,
			);
			sourceTree = "<group>";
		};
		243230231AC865D600F2CCC3 /* Products */ = {
			isa = PBXGroup;
			children = (
				243230221AC865D600F2CCC3 /* MiniGames Ultra.app */,
				243230341AC865D600F2CCC3 /* MiniGames UltraTests.xctest */,
			);
			name = Products;
			sourceTree = "<group>";
		};
		243230241AC865D600F2CCC3 /* MiniGames Ultra */ = {
			isa = PBXGroup;
			children = (
				543015211AD2A2BC00C5922B /* Localizable.strings */,
				243230271AC865D600F2CCC3 /* AppDelegate.swift */,
				243230291AC865D600F2CCC3 /* ViewController.swift */,
				2432302B1AC865D600F2CCC3 /* Images.xcassets */,
				2432302D1AC865D600F2CCC3 /* Main.storyboard */,
				544646701ACC5F6B003F1B25 /* GameClass.swift */,
				243230441AC868B400F2CCC3 /* MainController.swift */,
				2432304A1AC869A800F2CCC3 /* Games */,
				243230251AC865D600F2CCC3 /* Supporting Files */,
			);
			path = "MiniGames Ultra";
			sourceTree = "<group>";
		};
		243230251AC865D600F2CCC3 /* Supporting Files */ = {
			isa = PBXGroup;
			children = (
				548A0B8D1AE61F4500B34037 /* ArcadeGame */,
				549C839B1ACD72310091C132 /* BallGame */,
				54B4F6551ACB101800788EAA /* Classes, functions and extensions.swift */,
				549C839C1ACD723E0091C132 /* Minesweeper */,
				243230261AC865D600F2CCC3 /* Info.plist */,
			);
			name = "Supporting Files";
			sourceTree = "<group>";
		};
		243230371AC865D600F2CCC3 /* MiniGames UltraTests */ = {
			isa = PBXGroup;
			children = (
				2432303A1AC865D600F2CCC3 /* MiniGames_UltraTests.swift */,
				243230381AC865D600F2CCC3 /* Supporting Files */,
			);
			path = "MiniGames UltraTests";
			sourceTree = "<group>";
		};
		243230381AC865D600F2CCC3 /* Supporting Files */ = {
			isa = PBXGroup;
			children = (
				243230391AC865D600F2CCC3 /* Info.plist */,
			);
			name = "Supporting Files";
			sourceTree = "<group>";
		};
		2432304A1AC869A800F2CCC3 /* Games */ = {
			isa = PBXGroup;
			children = (
				548A0B7E1AE61DF500B34037 /* ArcadeGame */,
				249D28411AD2CA9E00693797 /* Sudoku */,
				92A46B341AC9591500B2050E /* BallGame */,
				2432304B1AC869B300F2CCC3 /* Minesweeper */,
				5405A8A01ADD68AD001C2A42 /* SeaBattle */,
				54AEB1DA1ADFBF72007BC829 /* 2048 */,
			);
			name = Games;
			sourceTree = "<group>";
		};
		2432304B1AC869B300F2CCC3 /* Minesweeper */ = {
			isa = PBXGroup;
			children = (
				243230461AC8696400F2CCC3 /* MinesweeperMain.swift */,
				243230481AC869A000F2CCC3 /* MinesweeperHardness.swift */,
			);
			name = Minesweeper;
			sourceTree = "<group>";
		};
		249D28411AD2CA9E00693797 /* Sudoku */ = {
			isa = PBXGroup;
			children = (
				249D28421AD2CABE00693797 /* SudokuHardness.swift */,
				249D28441AD2CACD00693797 /* SudokuMain.swift */,
			);
			name = Sudoku;
			sourceTree = "<group>";
		};
		5405A8A01ADD68AD001C2A42 /* SeaBattle */ = {
			isa = PBXGroup;
			children = (
				921632D51AD414C500A61088 /* Sea Battle.swift */,
			);
			name = SeaBattle;
			sourceTree = "<group>";
		};
		548A0B7E1AE61DF500B34037 /* ArcadeGame */ = {
			isa = PBXGroup;
			children = (
				54AE995A1AEA9BB400053BD6 /* ArcadeGameMain.swift */,
				548A0B8E1AE6238600B34037 /* GameOverScene.swift */,
				548A0B7F1AE61E4100B34037 /* ArcadeGameController.swift */,
				54E8B5931AEF5ECD0004FA8E /* Particles */,
			);
			name = ArcadeGame;
			sourceTree = "<group>";
		};
		548A0B8D1AE61F4500B34037 /* ArcadeGame */ = {
			isa = PBXGroup;
			children = (
				54AE99681AEA9CEB00053BD6 /* Stars */,
				54AE996F1AEAA73600053BD6 /* Ghosts */,
				54AE995E1AEA9BB400053BD6 /* ninja.png */,
			);
			name = ArcadeGame;
			sourceTree = "<group>";
		};
		549C839B1ACD72310091C132 /* BallGame */ = {
			isa = PBXGroup;
			children = (
				92092A871AD5BAD100E824EA /* red-letter-t-in-yellow-plastic-construction-kit-Download-Royalty-free-Vector-File-EPS-49842.jpg */,
				54F05D561AEEBAD8002DD512 /* Bomb2.png */,
				922E32831ADFB53200AF18B7 /* OTD62.gif */,
				922E327B1ADF83BB00AF18B7 /* ball-green-e1407162219342.png */,
				92092A7F1AD5B53C00E824EA /* green-arrows.gif */,
				92092A891AD702C900E824EA /* 10451792_1007012445979844_2330471086718529051_n.png */,
				92092A831AD5B68D00E824EA /* arrow_down.jpg */,
				54AE995B1AEA9BB400053BD6 /* ball.png */,
				54AE995C1AEA9BB400053BD6 /* desk.jpg */,
				54AE995D1AEA9BB400053BD6 /* metal.png */,
				92092A851AD5B94000E824EA /* horizontal-line.png */,
				922E32811ADF880500AF18B7 /* Ai1-standaard-snelheid.png */,
				92092A811AD5B63200E824EA /* icon-heart.png */,
				92092A7D1AD5B48200E824EA /* 40px-Lightning_Bolt_on_Circle.svg.png */,
			);
			name = BallGame;
			sourceTree = "<group>";
		};
		549C839C1ACD723E0091C132 /* Minesweeper */ = {
			isa = PBXGroup;
			children = (
				547009841AD1B084003C8E66 /* Button bomb.png */,
				54A07A381AC9BF9A00217F0F /* Flag.png */,
				54704AF41AC9BAAD009C09ED /* Bomb.png */,
			);
			name = Minesweeper;
			sourceTree = "<group>";
		};
		54AE99681AEA9CEB00053BD6 /* Stars */ = {
			isa = PBXGroup;
			children = (
				54AE99701AEAAA1400053BD6 /* ninjaStar.png */,
				54AE99711AEAAA1400053BD6 /* starCyclone.png */,
				54AE99721AEAAA1400053BD6 /* starDragon.png */,
				54AE99691AEA9D0600053BD6 /* starBlack.png */,
			);
			name = Stars;
			sourceTree = "<group>";
		};
		54AE996F1AEAA73600053BD6 /* Ghosts */ = {
			isa = PBXGroup;
			children = (
				247D17B21AE976F600614E01 /* GhostMedium.png */,
				247D17B31AE976F600614E01 /* GhostSmall.png */,
				247D17B41AE976F600614E01 /* GhostBig.png */,
			);
			name = Ghosts;
			sourceTree = "<group>";
		};
		54AEB1DA1ADFBF72007BC829 /* 2048 */ = {
			isa = PBXGroup;
			children = (
				54AEB1D61ADFBF64007BC829 /* 2048Main.swift */,
			);
			name = 2048;
			sourceTree = "<group>";
		};
		54E8B5931AEF5ECD0004FA8E /* Particles */ = {
			isa = PBXGroup;
			children = (
				54C0F81D1AEBD3CE004451C9 /* ExplosionParticle.sks */,
				54E8B5911AEF5E380004FA8E /* BombParticle.sks */,
				54C0F81E1AEBD3CE004451C9 /* spark.png */,
				5473DA051AEE715600FB05E6 /* MonsterDestroy.sks */,
			);
			name = Particles;
			sourceTree = "<group>";
		};
		92A46B341AC9591500B2050E /* BallGame */ = {
			isa = PBXGroup;
			children = (
				92A46B321AC958E400B2050E /* Ball.swift */,
			);
			name = BallGame;
			sourceTree = "<group>";
		};
/* End PBXGroup section */

/* Begin PBXNativeTarget section */
		243230211AC865D600F2CCC3 /* MiniGames Ultra */ = {
			isa = PBXNativeTarget;
			buildConfigurationList = 2432303E1AC865D600F2CCC3 /* Build configuration list for PBXNativeTarget "MiniGames Ultra" */;
			buildPhases = (
				2432301E1AC865D600F2CCC3 /* Sources */,
				2432301F1AC865D600F2CCC3 /* Frameworks */,
				243230201AC865D600F2CCC3 /* Resources */,
			);
			buildRules = (
			);
			dependencies = (
			);
			name = "MiniGames Ultra";
			productName = "MiniGames Ultra";
			productReference = 243230221AC865D600F2CCC3 /* MiniGames Ultra.app */;
			productType = "com.apple.product-type.application";
		};
		243230331AC865D600F2CCC3 /* MiniGames UltraTests */ = {
			isa = PBXNativeTarget;
			buildConfigurationList = 243230411AC865D600F2CCC3 /* Build configuration list for PBXNativeTarget "MiniGames UltraTests" */;
			buildPhases = (
				243230301AC865D600F2CCC3 /* Sources */,
				243230311AC865D600F2CCC3 /* Frameworks */,
				243230321AC865D600F2CCC3 /* Resources */,
			);
			buildRules = (
			);
			dependencies = (
				243230361AC865D600F2CCC3 /* PBXTargetDependency */,
			);
			name = "MiniGames UltraTests";
			productName = "MiniGames UltraTests";
			productReference = 243230341AC865D600F2CCC3 /* MiniGames UltraTests.xctest */;
			productType = "com.apple.product-type.bundle.unit-test";
		};
/* End PBXNativeTarget section */

/* Begin PBXProject section */
		2432301A1AC865D600F2CCC3 /* Project object */ = {
			isa = PBXProject;
			attributes = {
				LastUpgradeCheck = 0610;
				ORGANIZATIONNAME = TheUnbelievable;
				TargetAttributes = {
					243230211AC865D600F2CCC3 = {
						CreatedOnToolsVersion = 6.1.1;
					};
					243230331AC865D600F2CCC3 = {
						CreatedOnToolsVersion = 6.1.1;
						TestTargetID = 243230211AC865D600F2CCC3;
					};
				};
			};
			buildConfigurationList = 2432301D1AC865D600F2CCC3 /* Build configuration list for PBXProject "MiniGames Ultra" */;
			compatibilityVersion = "Xcode 3.2";
			developmentRegion = English;
			hasScannedForEncodings = 0;
			knownRegions = (
				en,
				Base,
				ru,
			);
			mainGroup = 243230191AC865D600F2CCC3;
			productRefGroup = 243230231AC865D600F2CCC3 /* Products */;
			projectDirPath = "";
			projectRoot = "";
			targets = (
				243230211AC865D600F2CCC3 /* MiniGames Ultra */,
				243230331AC865D600F2CCC3 /* MiniGames UltraTests */,
			);
		};
/* End PBXProject section */

/* Begin PBXResourcesBuildPhase section */
		243230201AC865D600F2CCC3 /* Resources */ = {
			isa = PBXResourcesBuildPhase;
			buildActionMask = 2147483647;
			files = (
				247D17B71AE976F600614E01 /* GhostBig.png in Resources */,
				54704AF51AC9BAAE009C09ED /* Bomb.png in Resources */,
				5430151F1AD2A2BC00C5922B /* Localizable.strings in Resources */,
				54E8B5921AEF5E380004FA8E /* BombParticle.sks in Resources */,
				54AE99641AEA9BB400053BD6 /* metal.png in Resources */,
				92092A821AD5B63200E824EA /* icon-heart.png in Resources */,
				54AE99731AEAAA1400053BD6 /* ninjaStar.png in Resources */,
				922E327C1ADF83BB00AF18B7 /* ball-green-e1407162219342.png in Resources */,
				54AE99741AEAAA1400053BD6 /* starCyclone.png in Resources */,
				54AE99621AEA9BB400053BD6 /* ball.png in Resources */,
				547009851AD1B084003C8E66 /* Button bomb.png in Resources */,
				54AE99751AEAAA1400053BD6 /* starDragon.png in Resources */,
				5473DA061AEE715600FB05E6 /* MonsterDestroy.sks in Resources */,
				247D17B61AE976F600614E01 /* GhostSmall.png in Resources */,
				92092A861AD5B94000E824EA /* horizontal-line.png in Resources */,
				54AE996C1AEA9D0600053BD6 /* starBlack.png in Resources */,
				54A07A391AC9BF9A00217F0F /* Flag.png in Resources */,
				54C0F8201AEBD3CE004451C9 /* spark.png in Resources */,
				247D17B51AE976F600614E01 /* GhostMedium.png in Resources */,
				92092A7E1AD5B48200E824EA /* 40px-Lightning_Bolt_on_Circle.svg.png in Resources */,
				922E32821ADF880500AF18B7 /* Ai1-standaard-snelheid.png in Resources */,
				92092A841AD5B68D00E824EA /* arrow_down.jpg in Resources */,
				92092A801AD5B53C00E824EA /* green-arrows.gif in Resources */,
				2432302C1AC865D600F2CCC3 /* Images.xcassets in Resources */,
				92092A881AD5BAD100E824EA /* red-letter-t-in-yellow-plastic-construction-kit-Download-Royalty-free-Vector-File-EPS-49842.jpg in Resources */,
				54AE99631AEA9BB400053BD6 /* desk.jpg in Resources */,
				54F05D571AEEBAD8002DD512 /* Bomb2.png in Resources */,
				2432302F1AC865D600F2CCC3 /* Main.storyboard in Resources */,
				54AE99651AEA9BB400053BD6 /* ninja.png in Resources */,
				54C0F81F1AEBD3CE004451C9 /* ExplosionParticle.sks in Resources */,
				922E32841ADFB53200AF18B7 /* OTD62.gif in Resources */,
				92092A8A1AD702C900E824EA /* 10451792_1007012445979844_2330471086718529051_n.png in Resources */,
			);
			runOnlyForDeploymentPostprocessing = 0;
		};
		243230321AC865D600F2CCC3 /* Resources */ = {
			isa = PBXResourcesBuildPhase;
			buildActionMask = 2147483647;
			files = (
			);
			runOnlyForDeploymentPostprocessing = 0;
		};
/* End PBXResourcesBuildPhase section */

/* Begin PBXSourcesBuildPhase section */
		2432301E1AC865D600F2CCC3 /* Sources */ = {
			isa = PBXSourcesBuildPhase;
			buildActionMask = 2147483647;
			files = (
				92A46B331AC958E400B2050E /* Ball.swift in Sources */,
				2432302A1AC865D600F2CCC3 /* ViewController.swift in Sources */,
				544646711ACC5F6B003F1B25 /* GameClass.swift in Sources */,
				249D28431AD2CABE00693797 /* SudokuHardness.swift in Sources */,
				921632D61AD414C500A61088 /* Sea Battle.swift in Sources */,
				548A0B801AE61E4100B34037 /* ArcadeGameController.swift in Sources */,
				243230491AC869A000F2CCC3 /* MinesweeperHardness.swift in Sources */,
				243230471AC8696400F2CCC3 /* MinesweeperMain.swift in Sources */,
				243230451AC868B400F2CCC3 /* MainController.swift in Sources */,
				548A0B8F1AE6238600B34037 /* GameOverScene.swift in Sources */,
				54AEB1D81ADFBF64007BC829 /* 2048Main.swift in Sources */,
				243230281AC865D600F2CCC3 /* AppDelegate.swift in Sources */,
				54B4F6561ACB101800788EAA /* Classes, functions and extensions.swift in Sources */,
				54AE99611AEA9BB400053BD6 /* ArcadeGameMain.swift in Sources */,
				249D28461AD2CACD00693797 /* SudokuMain.swift in Sources */,
			);
			runOnlyForDeploymentPostprocessing = 0;
		};
		243230301AC865D600F2CCC3 /* Sources */ = {
			isa = PBXSourcesBuildPhase;
			buildActionMask = 2147483647;
			files = (
				2432303B1AC865D600F2CCC3 /* MiniGames_UltraTests.swift in Sources */,
			);
			runOnlyForDeploymentPostprocessing = 0;
		};
/* End PBXSourcesBuildPhase section */

/* Begin PBXTargetDependency section */
		243230361AC865D600F2CCC3 /* PBXTargetDependency */ = {
			isa = PBXTargetDependency;
			target = 243230211AC865D600F2CCC3 /* MiniGames Ultra */;
			targetProxy = 243230351AC865D600F2CCC3 /* PBXContainerItemProxy */;
		};
/* End PBXTargetDependency section */

/* Begin PBXVariantGroup section */
		2432302D1AC865D600F2CCC3 /* Main.storyboard */ = {
			isa = PBXVariantGroup;
			children = (
				2432302E1AC865D600F2CCC3 /* Base */,
			);
			name = Main.storyboard;
			sourceTree = "<group>";
		};
		543015211AD2A2BC00C5922B /* Localizable.strings */ = {
			isa = PBXVariantGroup;
			children = (
				543015201AD2A2BC00C5922B /* en */,
				54046CD81ADE7ACE001AAA5A /* ru */,
			);
			name = Localizable.strings;
			path = ..;
			sourceTree = "<group>";
		};
/* End PBXVariantGroup section */

/* Begin XCBuildConfiguration section */
		2432303C1AC865D600F2CCC3 /* Debug */ = {
			isa = XCBuildConfiguration;
			buildSettings = {
				ALWAYS_SEARCH_USER_PATHS = NO;
				CLANG_CXX_LANGUAGE_STANDARD = "gnu++0x";
				CLANG_CXX_LIBRARY = "libc++";
				CLANG_ENABLE_MODULES = YES;
				CLANG_ENABLE_OBJC_ARC = YES;
				CLANG_WARN_BOOL_CONVERSION = YES;
				CLANG_WARN_CONSTANT_CONVERSION = YES;
				CLANG_WARN_DIRECT_OBJC_ISA_USAGE = YES_ERROR;
				CLANG_WARN_EMPTY_BODY = YES;
				CLANG_WARN_ENUM_CONVERSION = YES;
				CLANG_WARN_INT_CONVERSION = YES;
				CLANG_WARN_OBJC_ROOT_CLASS = YES_ERROR;
				CLANG_WARN_UNREACHABLE_CODE = YES;
				CLANG_WARN__DUPLICATE_METHOD_MATCH = YES;
				CODE_SIGN_IDENTITY = "-";
				COPY_PHASE_STRIP = NO;
				ENABLE_STRICT_OBJC_MSGSEND = YES;
				GCC_C_LANGUAGE_STANDARD = gnu99;
				GCC_DYNAMIC_NO_PIC = NO;
				GCC_OPTIMIZATION_LEVEL = 0;
				GCC_PREPROCESSOR_DEFINITIONS = (
					"DEBUG=1",
					"$(inherited)",
				);
				GCC_SYMBOLS_PRIVATE_EXTERN = NO;
				GCC_WARN_64_TO_32_BIT_CONVERSION = YES;
				GCC_WARN_ABOUT_RETURN_TYPE = YES_ERROR;
				GCC_WARN_UNDECLARED_SELECTOR = YES;
				GCC_WARN_UNINITIALIZED_AUTOS = YES_AGGRESSIVE;
				GCC_WARN_UNUSED_FUNCTION = YES;
				GCC_WARN_UNUSED_VARIABLE = YES;
				MACOSX_DEPLOYMENT_TARGET = 10.10;
				MTL_ENABLE_DEBUG_INFO = YES;
				ONLY_ACTIVE_ARCH = YES;
				SDKROOT = macosx;
				SWIFT_OPTIMIZATION_LEVEL = "-Onone";
			};
			name = Debug;
		};
		2432303D1AC865D600F2CCC3 /* Release */ = {
			isa = XCBuildConfiguration;
			buildSettings = {
				ALWAYS_SEARCH_USER_PATHS = NO;
				CLANG_CXX_LANGUAGE_STANDARD = "gnu++0x";
				CLANG_CXX_LIBRARY = "libc++";
				CLANG_ENABLE_MODULES = YES;
				CLANG_ENABLE_OBJC_ARC = YES;
				CLANG_WARN_BOOL_CONVERSION = YES;
				CLANG_WARN_CONSTANT_CONVERSION = YES;
				CLANG_WARN_DIRECT_OBJC_ISA_USAGE = YES_ERROR;
				CLANG_WARN_EMPTY_BODY = YES;
				CLANG_WARN_ENUM_CONVERSION = YES;
				CLANG_WARN_INT_CONVERSION = YES;
				CLANG_WARN_OBJC_ROOT_CLASS = YES_ERROR;
				CLANG_WARN_UNREACHABLE_CODE = YES;
				CLANG_WARN__DUPLICATE_METHOD_MATCH = YES;
				CODE_SIGN_IDENTITY = "-";
				COPY_PHASE_STRIP = YES;
				DEBUG_INFORMATION_FORMAT = "dwarf-with-dsym";
				ENABLE_NS_ASSERTIONS = NO;
				ENABLE_STRICT_OBJC_MSGSEND = YES;
				GCC_C_LANGUAGE_STANDARD = gnu99;
				GCC_WARN_64_TO_32_BIT_CONVERSION = YES;
				GCC_WARN_ABOUT_RETURN_TYPE = YES_ERROR;
				GCC_WARN_UNDECLARED_SELECTOR = YES;
				GCC_WARN_UNINITIALIZED_AUTOS = YES_AGGRESSIVE;
				GCC_WARN_UNUSED_FUNCTION = YES;
				GCC_WARN_UNUSED_VARIABLE = YES;
				MACOSX_DEPLOYMENT_TARGET = 10.10;
				MTL_ENABLE_DEBUG_INFO = NO;
				SDKROOT = macosx;
			};
			name = Release;
		};
		2432303F1AC865D600F2CCC3 /* Debug */ = {
			isa = XCBuildConfiguration;
			buildSettings = {
				ASSETCATALOG_COMPILER_APPICON_NAME = AppIcon;
				COMBINE_HIDPI_IMAGES = YES;
				INFOPLIST_FILE = "MiniGames Ultra/Info.plist";
				LD_RUNPATH_SEARCH_PATHS = "$(inherited) @executable_path/../Frameworks";
				MACOSX_DEPLOYMENT_TARGET = 10.10;
				PRODUCT_NAME = "$(TARGET_NAME)";
			};
			name = Debug;
		};
		243230401AC865D600F2CCC3 /* Release */ = {
			isa = XCBuildConfiguration;
			buildSettings = {
				ASSETCATALOG_COMPILER_APPICON_NAME = AppIcon;
				COMBINE_HIDPI_IMAGES = YES;
				INFOPLIST_FILE = "MiniGames Ultra/Info.plist";
				LD_RUNPATH_SEARCH_PATHS = "$(inherited) @executable_path/../Frameworks";
				MACOSX_DEPLOYMENT_TARGET = 10.10;
				PRODUCT_NAME = "$(TARGET_NAME)";
			};
			name = Release;
		};
		243230421AC865D600F2CCC3 /* Debug */ = {
			isa = XCBuildConfiguration;
			buildSettings = {
				BUNDLE_LOADER = "$(TEST_HOST)";
				COMBINE_HIDPI_IMAGES = YES;
				FRAMEWORK_SEARCH_PATHS = (
					"$(DEVELOPER_FRAMEWORKS_DIR)",
					"$(inherited)",
				);
				GCC_PREPROCESSOR_DEFINITIONS = (
					"DEBUG=1",
					"$(inherited)",
				);
				INFOPLIST_FILE = "MiniGames UltraTests/Info.plist";
				LD_RUNPATH_SEARCH_PATHS = "$(inherited) @executable_path/../Frameworks @loader_path/../Frameworks";
				PRODUCT_NAME = "$(TARGET_NAME)";
				TEST_HOST = "$(BUILT_PRODUCTS_DIR)/MiniGames Ultra.app/Contents/MacOS/MiniGames Ultra";
			};
			name = Debug;
		};
		243230431AC865D600F2CCC3 /* Release */ = {
			isa = XCBuildConfiguration;
			buildSettings = {
				BUNDLE_LOADER = "$(TEST_HOST)";
				COMBINE_HIDPI_IMAGES = YES;
				FRAMEWORK_SEARCH_PATHS = (
					"$(DEVELOPER_FRAMEWORKS_DIR)",
					"$(inherited)",
				);
				INFOPLIST_FILE = "MiniGames UltraTests/Info.plist";
				LD_RUNPATH_SEARCH_PATHS = "$(inherited) @executable_path/../Frameworks @loader_path/../Frameworks";
				PRODUCT_NAME = "$(TARGET_NAME)";
				TEST_HOST = "$(BUILT_PRODUCTS_DIR)/MiniGames Ultra.app/Contents/MacOS/MiniGames Ultra";
			};
			name = Release;
		};
/* End XCBuildConfiguration section */

/* Begin XCConfigurationList section */
		2432301D1AC865D600F2CCC3 /* Build configuration list for PBXProject "MiniGames Ultra" */ = {
			isa = XCConfigurationList;
			buildConfigurations = (
				2432303C1AC865D600F2CCC3 /* Debug */,
				2432303D1AC865D600F2CCC3 /* Release */,
			);
			defaultConfigurationIsVisible = 0;
			defaultConfigurationName = Release;
		};
		2432303E1AC865D600F2CCC3 /* Build configuration list for PBXNativeTarget "MiniGames Ultra" */ = {
			isa = XCConfigurationList;
			buildConfigurations = (
				2432303F1AC865D600F2CCC3 /* Debug */,
				243230401AC865D600F2CCC3 /* Release */,
			);
			defaultConfigurationIsVisible = 0;
			defaultConfigurationName = Release;
		};
		243230411AC865D600F2CCC3 /* Build configuration list for PBXNativeTarget "MiniGames UltraTests" */ = {
			isa = XCConfigurationList;
			buildConfigurations = (
				243230421AC865D600F2CCC3 /* Debug */,
				243230431AC865D600F2CCC3 /* Release */,
			);
			defaultConfigurationIsVisible = 0;
			defaultConfigurationName = Release;
		};
/* End XCConfigurationList section */
	};
	rootObject = 2432301A1AC865D600F2CCC3 /* Project object */;
}
